{
  "name": "learn-dependabot",
  "version": "1.0.0",
  "lockfileVersion": 3,
  "requires": true,
  "packages": {
    "": {
      "name": "learn-dependabot",
      "version": "1.0.0",
      "dependencies": {
        "@angular/compiler": "21.1.1",
        "lodash": "4.17.21"
      }
    },
    "node_modules/@angular/compiler": {
      "version": "21.1.1",
      "resolved": "https://registry.npmjs.org/@angular/compiler/-/compiler-21.1.1.tgz",
      "integrity": "sha512-Urd3bh0zv0MQ//S7RRTanIkOMAZH/A7vSMXUDJ3aflplNs7JNbVqBwDNj8NoX1V+os+fd8JRJOReCc1EpH4ZKQ==",
      "license": "MIT",
      "dependencies": {
        "tslib": "^2.3.0"
      },
      "engines": {
        "node": "^20.19.0 || ^22.12.0 || >=24.0.0"
      }
    },
    "node_modules/lodash": {
      "version": "4.17.21",
      "resolved": "https://registry.npmjs.org/lodash/-/lodash-4.17.21.tgz",
      "integrity": "sha512-v2kDEe57lecTulaDIuNTPy3Ry4gLGJ6Z1O3vE1krgXZNrsQ+LFTGHVxVjcXPs17LhbZVGedAJv8XZ1tvj5FvSg==",
      "license": "MIT"
    },
    "node_modules/tslib": {
      "version": "2.8.1",
      "resolved": "https://registry.npmjs.org/tslib/-/tslib-2.8.1.tgz",
      "integrity": "sha512-oJFu94HQb+KVduSUQL7wnpmqnfmLsOA/nAh6b6EH0wCEoK0/mPeXU6c3wKDV83MkOuHPRHtSXKKU99IBazS/2w==",
      "license": "0BSD"
    }
  }
}
